# This file is autogenerated, do not edit; changes may be undone by the next 'dep ensure'.


[[projects]]
  digest = "1:63621423f5ce76accf98492c83bfe762eae680651169762afa092dc1794f1f28"
  name = "github.com/gophercloud/gophercloud"
  packages = [
    ".",
    "openstack",
    "openstack/identity/v2/tenants",
    "openstack/identity/v2/tokens",
    "openstack/identity/v3/tokens",
    "openstack/networking/v2/extensions/agents",
    "openstack/networking/v2/extensions/external",
    "openstack/networking/v2/extensions/portsbinding",
    "openstack/networking/v2/networks",
    "openstack/networking/v2/ports",
    "openstack/networking/v2/subnets",
    "openstack/utils",
    "pagination",
  ]
  pruneopts = "UT"
  revision = "0398b0cd16bfffade0883973c745180adbbe8918"
  version = "v0.3.0"

[[projects]]
  branch = "master"
  digest = "1:4a14c92687d36a3875744de509bae52334a00ba487eb285b8a57645ec46acc7e"
  name = "github.com/gophercloud/utils"
  packages = ["openstack/clientconfig"]
  pruneopts = "UT"
  revision = "25f1b77b8c0367b43939dbb20f5dd12e3c9b0053"

[[projects]]
  digest = "1:6c56c50b13fd3cb33b692b264727c1c89198274f5dcabaa077e3b2472037e0f9"
  name = "gopkg.in/ini.v1"
  packages = ["."]
  pruneopts = "UT"
  revision = "d4cae42d398bc0095297fc3315669590d29166ea"
  version = "v1.46.0"

[[projects]]
  digest = "1:4d2e5a73dc1500038e504a8d78b986630e3626dc027bc030ba5c75da257cdb96"
  name = "gopkg.in/yaml.v2"
  packages = ["."]
  pruneopts = "UT"
  revision = "51d6538a90f86fe93ac480b35f37b2be17fef232"
  version = "v2.2.2"

[solve-meta]
  analyzer-name = "dep"
  analyzer-version = 1
  input-imports = [
    "github.com/gophercloud/gophercloud",
    "github.com/gophercloud/gophercloud/openstack",
    "github.com/gophercloud/gophercloud/openstack/networking/v2/extensions/agents",
    "github.com/gophercloud/gophercloud/openstack/networking/v2/extensions/external",
    "github.com/gophercloud/gophercloud/openstack/networking/v2/extensions/portsbinding",
    "github.com/gophercloud/gophercloud/openstack/networking/v2/networks",
    "github.com/gophercloud/gophercloud/openstack/networking/v2/ports",
    "github.com/gophercloud/gophercloud/openstack/networking/v2/subnets",
    "github.com/gophercloud/utils/openstack/clientconfig",
    "gopkg.in/ini.v1",
  ]
  solver-name = "gps-cdcl"
  solver-version = 1
