# This file is autogenerated, do not edit; changes may be undone by the next 'dep ensure'.


[[projects]]
  branch = "master"
  digest = "1:8dd75b691c168fd575a3434fc7b04ced18b2c5b9677f22a2ee085b20034ef562"
  name = "github.com/gophercloud/gophercloud"
  packages = [
    ".",
    "openstack",
    "openstack/identity/v2/tenants",
    "openstack/identity/v2/tokens",
    "openstack/identity/v3/tokens",
    "openstack/networking/v2/extensions/agents",
    "openstack/networking/v2/extensions/external",
    "openstack/networking/v2/networks",
    "openstack/networking/v2/subnets",
    "openstack/utils",
    "pagination",
  ]
  pruneopts = "UT"
  revision = "363d7a098dd08e47e7bc4a2bddda0a1e438dec7e"

[[projects]]
  branch = "master"
  digest = "1:11403d207adf78b8e444bbec9005fb4382da8aefb6813a0b5d6ea1858f0c9394"
  name = "github.com/gophercloud/utils"
  packages = ["openstack/clientconfig"]
  pruneopts = "UT"
  revision = "94e6842399e53620efe002c58b46ab18f6b160bc"

[[projects]]
  digest = "1:6c56c50b13fd3cb33b692b264727c1c89198274f5dcabaa077e3b2472037e0f9"
  name = "gopkg.in/ini.v1"
  packages = ["."]
  pruneopts = "UT"
  revision = "d4cae42d398bc0095297fc3315669590d29166ea"
  version = "v1.46.0"

[[projects]]
  digest = "1:4d2e5a73dc1500038e504a8d78b986630e3626dc027bc030ba5c75da257cdb96"
  name = "gopkg.in/yaml.v2"
  packages = ["."]
  pruneopts = "UT"
  revision = "51d6538a90f86fe93ac480b35f37b2be17fef232"
  version = "v2.2.2"

[solve-meta]
  analyzer-name = "dep"
  analyzer-version = 1
  input-imports = [
    "github.com/gophercloud/gophercloud",
    "github.com/gophercloud/gophercloud/openstack",
    "github.com/gophercloud/gophercloud/openstack/networking/v2/extensions/agents",
    "github.com/gophercloud/gophercloud/openstack/networking/v2/extensions/external",
    "github.com/gophercloud/gophercloud/openstack/networking/v2/networks",
    "github.com/gophercloud/gophercloud/openstack/networking/v2/subnets",
    "github.com/gophercloud/utils/openstack/clientconfig",
    "gopkg.in/ini.v1",
  ]
  solver-name = "gps-cdcl"
  solver-version = 1
